# This file is autogenerated, do not edit; changes may be undone by the next 'dep ensure'.


[[projects]]
  digest = "1:d1816f8f4877e87cf0a80a25fbc0e7c7a6937bd728ccbf85e2c151c792445a1b"
  name = "github.com/thoas/go-funk"
  packages = ["."]
  pruneopts = "UT"
  revision = "9132db0aefe2a09565f5124e267ac9a89845d8f6"
  version = "0.4"

[solve-meta]
  analyzer-name = "dep"
  analyzer-version = 1
  input-imports = ["github.com/thoas/go-funk"]
  solver-name = "gps-cdcl"
  solver-version = 1
